
Microsoft Visual Studio Solution File, Format Version 12.00
# Visual Studio Version 17
VisualStudioVersion = 17.14.36203.30 d17.14
MinimumVisualStudioVersion = 10.0.40219.1
Project("{888888A0-9F3D-457C-B088-3A5042F75D52}") = "Website app project scraper", "Website app project scraper\Website app project scraper.pyproj", "{27D04EBA-F6C0-4219-A9CA-6125F1A27450}"
EndProject
Global
	GlobalSection(SolutionConfigurationPlatforms) = preSolution
		Debug|Any CPU = Debug|Any CPU
		Release|Any CPU = Release|Any CPU
	EndGlobalSection
	GlobalSection(ProjectConfigurationPlatforms) = postSolution
		{27D04EBA-F6C0-4219-A9CA-6125F1A27450}.Debug|Any CPU.ActiveCfg = Debug|Any CPU
		{27D04EBA-F6C0-4219-A9CA-6125F1A27450}.Release|Any CPU.ActiveCfg = Release|Any CPU
	EndGlobalSection
	GlobalSection(SolutionProperties) = preSolution
		HideSolutionNode = FALSE
	EndGlobalSection
	GlobalSection(ExtensibilityGlobals) = postSolution
		SolutionGuid = {B1023DBE-BBC4-4294-A7FB-2549A8FE1619}
	EndGlobalSection
EndGlobal
